
Microsoft Visual Studio Solution File, Format Version 12.00
# Visual Studio Version 16
VisualStudioVersion = 16.0.30114.105
MinimumVisualStudioVersion = 10.0.40219.1
Project("{FAE04EC0-301F-11D3-BF4B-00C04F79EFBC}") = "API", "API\API.csproj", "{F5C6C368-57B2-4A56-AEAD-357565851ADC}"
EndProject
Project("{FAE04EC0-301F-11D3-BF4B-00C04F79EFBC}") = "Application", "Application\Application.csproj", "{13E71D2E-F869-4099-8932-D61EBD279115}"
EndProject
Project("{FAE04EC0-301F-11D3-BF4B-00C04F79EFBC}") = "Domain", "Domain\Domain.csproj", "{11400FB6-CA80-4A79-9243-68ACE6A6A9BB}"
EndProject
Project("{FAE04EC0-301F-11D3-BF4B-00C04F79EFBC}") = "Persistence", "Persistence\Persistence.csproj", "{A2193F77-A4DE-42F2-A2F3-10EC6F6EF454}"
EndProject
Global
	GlobalSection(SolutionConfigurationPlatforms) = preSolution
		Debug|Any CPU = Debug|Any CPU
		Release|Any CPU = Release|Any CPU
	EndGlobalSection
	GlobalSection(SolutionProperties) = preSolution
		HideSolutionNode = FALSE
	EndGlobalSection
	GlobalSection(ProjectConfigurationPlatforms) = postSolution
		{F5C6C368-57B2-4A56-AEAD-357565851ADC}.Debug|Any CPU.ActiveCfg = Debug|Any CPU
		{F5C6C368-57B2-4A56-AEAD-357565851ADC}.Debug|Any CPU.Build.0 = Debug|Any CPU
		{F5C6C368-57B2-4A56-AEAD-357565851ADC}.Release|Any CPU.ActiveCfg = Release|Any CPU
		{F5C6C368-57B2-4A56-AEAD-357565851ADC}.Release|Any CPU.Build.0 = Release|Any CPU
		{13E71D2E-F869-4099-8932-D61EBD279115}.Debug|Any CPU.ActiveCfg = Debug|Any CPU
		{13E71D2E-F869-4099-8932-D61EBD279115}.Debug|Any CPU.Build.0 = Debug|Any CPU
		{13E71D2E-F869-4099-8932-D61EBD279115}.Release|Any CPU.ActiveCfg = Release|Any CPU
		{13E71D2E-F869-4099-8932-D61EBD279115}.Release|Any CPU.Build.0 = Release|Any CPU
		{11400FB6-CA80-4A79-9243-68ACE6A6A9BB}.Debug|Any CPU.ActiveCfg = Debug|Any CPU
		{11400FB6-CA80-4A79-9243-68ACE6A6A9BB}.Debug|Any CPU.Build.0 = Debug|Any CPU
		{11400FB6-CA80-4A79-9243-68ACE6A6A9BB}.Release|Any CPU.ActiveCfg = Release|Any CPU
		{11400FB6-CA80-4A79-9243-68ACE6A6A9BB}.Release|Any CPU.Build.0 = Release|Any CPU
		{A2193F77-A4DE-42F2-A2F3-10EC6F6EF454}.Debug|Any CPU.ActiveCfg = Debug|Any CPU
		{A2193F77-A4DE-42F2-A2F3-10EC6F6EF454}.Debug|Any CPU.Build.0 = Debug|Any CPU
		{A2193F77-A4DE-42F2-A2F3-10EC6F6EF454}.Release|Any CPU.ActiveCfg = Release|Any CPU
		{A2193F77-A4DE-42F2-A2F3-10EC6F6EF454}.Release|Any CPU.Build.0 = Release|Any CPU
	EndGlobalSection
EndGlobal
